
Microsoft Visual Studio Solution File, Format Version 12.00
# Visual Studio Version 17
VisualStudioVersion = 17.5.002.0
MinimumVisualStudioVersion = 10.0.40219.1
Project("{9A19103F-16F7-4668-BE54-9A1E7A4F7556}") = "BookStoreApi", "BookStoreApi.csproj", "{FFEADE5D-924F-4E58-A16C-C2CBEA46BE2F}"
EndProject
Global
	GlobalSection(SolutionConfigurationPlatforms) = preSolution
		Debug|Any CPU = Debug|Any CPU
		Release|Any CPU = Release|Any CPU
	EndGlobalSection
	GlobalSection(ProjectConfigurationPlatforms) = postSolution
		{FFEADE5D-924F-4E58-A16C-C2CBEA46BE2F}.Debug|Any CPU.ActiveCfg = Debug|Any CPU
		{FFEADE5D-924F-4E58-A16C-C2CBEA46BE2F}.Debug|Any CPU.Build.0 = Debug|Any CPU
		{FFEADE5D-924F-4E58-A16C-C2CBEA46BE2F}.Release|Any CPU.ActiveCfg = Release|Any CPU
		{FFEADE5D-924F-4E58-A16C-C2CBEA46BE2F}.Release|Any CPU.Build.0 = Release|Any CPU
	EndGlobalSection
	GlobalSection(SolutionProperties) = preSolution
		HideSolutionNode = FALSE
	EndGlobalSection
	GlobalSection(ExtensibilityGlobals) = postSolution
		SolutionGuid = {CE5DA9D4-8503-4940-AE37-8B300B8F335C}
	EndGlobalSection
EndGlobal
